github.com/bazelbuild/rules_go v0.52.0 h1:+ozpngVAW67pCAwfhepaXSSrG3yHcj8K9hNAxSYBno4=
github.com/bazelbuild/rules_go v0.52.0/go.mod h1:M+YrupNArA7OiTlv++rFUgQ6Sm+ZXbQ5HPUj0cGa0us=
github.com/bazelbuild/rules_go v0.53.0 h1:u160DT+RRb+Xb2aSO4piN8xhs4aZvWz2UDXCq48F4ao=
github.com/bazelbuild/rules_go v0.53.0/go.mod h1:xB1jfsYHWlnZyPPxzlOSst4q2ZAwS251Mp9Iw6TPuBc=
github.com/bazelbuild/rules_go v0.54.0 h1:D9aCU7j5rdRxg2rXOZX5zHZ395XC0KbgC4rnyaQ3ofM=
github.com/bazelbuild/rules_go v0.54.0/go.mod h1:T90Gpyq4HDFlsrvtQa2CBdHNJ2P4rAu/uUTmQbanzf0=
github.com/bazelbuild/rules_go v0.54.1 h1:A12Q//Zw0qIA/oemDiXHdqJCWE5ea2JtZNLSdf0C3yE=
github.com/bazelbuild/rules_go v0.54.1/go.mod h1:T90Gpyq4HDFlsrvtQa2CBdHNJ2P4rAu/uUTmQbanzf0=
github.com/bazelbuild/rules_go v0.55.0 h1:S8X/b/Oygw/Dtv7NuyW7ht0QwdynMEdXQqYigX5A1KY=
github.com/bazelbuild/rules_go v0.55.0/go.mod h1:T90Gpyq4HDFlsrvtQa2CBdHNJ2P4rAu/uUTmQbanzf0=
github.com/bazelbuild/rules_go v0.55.1 h1:cQYGcunY8myOB+0Ym6PGQRhc/milkRcNv0my3XgxaDU=
github.com/bazelbuild/rules_go v0.55.1/go.mod h1:T90Gpyq4HDFlsrvtQa2CBdHNJ2P4rAu/uUTmQbanzf0=
github.com/bazelbuild/rules_go v0.56.1 h1:YOyW1J8kdvJl1AzlWrR+qikC6EPiFVbT4l1gjTBfXT0=
github.com/bazelbuild/rules_go v0.56.1/go.mod h1:T90Gpyq4HDFlsrvtQa2CBdHNJ2P4rAu/uUTmQbanzf0=
github.com/bmatcuk/doublestar/v4 v4.0.2 h1:X0krlUVAVmtr2cRoTqR8aDMrDqnB36ht8wpWTiQ3jsA=
github.com/bmatcuk/doublestar/v4 v4.0.2/go.mod h1:xBQ8jztBU6kakFMg+8WGxn0c6z1fTSPVIjEY1Wr7jzc=
github.com/google/addlicense v1.1.1 h1:jpVf9qPbU8rz5MxKo7d+RMcNHkqxi4YJi/laauX4aAE=
github.com/google/addlicense v1.1.1/go.mod h1:Sm/DHu7Jk+T5miFHHehdIjbi4M5+dJDRS3Cq0rncIxA=
golang.org/x/sync v0.0.0-20190911185100-cd5d95a43a6e h1:vcxGaoTs7kV8m5Np9uUNQin4BrLOthgV7252N8V+FwY=
golang.org/x/sync v0.0.0-20190911185100-cd5d95a43a6e/go.mod h1:RxMgew5VJxzue5/jJTE5uejpjVlOe/izrB70Jof72aM=
golang.org/x/sync v0.11.0/go.mod h1:Czt+wKu1gCyEFDUtn0jG5QVvpJ6rzVqr5aXyt9drQfk=
