github.com/bazelbuild/rules_go v0.56.1 h1:YOyW1J8kdvJl1AzlWrR+qikC6EPiFVbT4l1gjTBfXT0=
github.com/bazelbuild/rules_go v0.56.1/go.mod h1:T90Gpyq4HDFlsrvtQa2CBdHNJ2P4rAu/uUTmQbanzf0=
github.com/bazelbuild/rules_go v0.57.0 h1:qBFxjy29iJg22xWlu5A3mNwrXtCHiEnHcIt91SsiFGU=
github.com/bazelbuild/rules_go v0.57.0/go.mod h1:Pn30cb4M513fe2rQ6GiJ3q8QyrRsgC7zhuDvi50Lw4Y=
github.com/bmatcuk/doublestar/v4 v4.0.2 h1:X0krlUVAVmtr2cRoTqR8aDMrDqnB36ht8wpWTiQ3jsA=
github.com/bmatcuk/doublestar/v4 v4.0.2/go.mod h1:xBQ8jztBU6kakFMg+8WGxn0c6z1fTSPVIjEY1Wr7jzc=
github.com/google/addlicense v1.2.0 h1:W+DP4A639JGkcwBGMDvjSurZHvaq2FN0pP7se9czsKA=
github.com/google/addlicense v1.2.0/go.mod h1:Sm/DHu7Jk+T5miFHHehdIjbi4M5+dJDRS3Cq0rncIxA=
golang.org/x/sync v0.0.0-20190911185100-cd5d95a43a6e/go.mod h1:RxMgew5VJxzue5/jJTE5uejpjVlOe/izrB70Jof72aM=
golang.org/x/sync v0.11.0 h1:GGz8+XQP4FvTTrjZPzNKTMFtSXH80RAzG+5ghFPgK9w=
golang.org/x/sync v0.11.0/go.mod h1:Czt+wKu1gCyEFDUtn0jG5QVvpJ6rzVqr5aXyt9drQfk=
